
Microsoft Visual Studio Solution File, Format Version 12.00
Project("{FAE04EC0-301F-11D3-BF4B-00C04F79EFBC}") = "OpFinder", "OpFinder\OpFinder.csproj", "{F782A550-AEC7-4684-A991-E8661FEF6697}"
EndProject
Global
	GlobalSection(SolutionConfigurationPlatforms) = preSolution
		Debug|Any CPU = Debug|Any CPU
		Release|Any CPU = Release|Any CPU
	EndGlobalSection
	GlobalSection(ProjectConfigurationPlatforms) = postSolution
		{F782A550-AEC7-4684-A991-E8661FEF6697}.Debug|Any CPU.ActiveCfg = Debug|Any CPU
		{F782A550-AEC7-4684-A991-E8661FEF6697}.Debug|Any CPU.Build.0 = Debug|Any CPU
		{F782A550-AEC7-4684-A991-E8661FEF6697}.Release|Any CPU.ActiveCfg = Release|Any CPU
		{F782A550-AEC7-4684-A991-E8661FEF6697}.Release|Any CPU.Build.0 = Release|Any CPU
	EndGlobalSection
EndGlobal
